
Microsoft Visual Studio Solution File, Format Version 12.00
# Visual Studio Version 17
VisualStudioVersion = 17.0.32014.148
MinimumVisualStudioVersion = 10.0.40219.1
Project("{9A19103F-16F7-4668-BE54-9A1E7A4F7556}") = "DataModels", "DataModels\DataModels.csproj", "{6DCE0217-DC2C-4AB7-9F4A-813FCCE23D0D}"
EndProject
Project("{9A19103F-16F7-4668-BE54-9A1E7A4F7556}") = "Core", "Core\Core.csproj", "{7ECEF9A2-5B5B-4C7F-B459-F1BA3F124C86}"
EndProject
Project("{2150E333-8FDC-42A3-9474-1A3956D46DE8}") = "Tests", "Tests", "{FF9556B8-10E3-48DA-A8A0-7FBFF53716CD}"
EndProject
Project("{9A19103F-16F7-4668-BE54-9A1E7A4F7556}") = "CoreTests", "CoreTests\CoreTests.csproj", "{5E3B0D53-6561-40C9-931F-E3B371F600BB}"
EndProject
Project("{9A19103F-16F7-4668-BE54-9A1E7A4F7556}") = "Orchestration", "Orchestration\Orchestration.csproj", "{C9A95BDD-FEEB-4C6E-9F77-4D31FD3B181E}"
EndProject
Project("{9A19103F-16F7-4668-BE54-9A1E7A4F7556}") = "OrchestrationTests", "OrchestrationTests\OrchestrationTests.csproj", "{6087C9AA-E91E-40C1-B29A-A585CB7DEEB0}"
EndProject
Project("{9A19103F-16F7-4668-BE54-9A1E7A4F7556}") = "WebApi", "WebApi\WebApi.csproj", "{FC1716BD-5D58-425D-869F-3C73214AE9CB}"
EndProject
Project("{9A19103F-16F7-4668-BE54-9A1E7A4F7556}") = "WebApplication", "WebApplication\WebApplication.csproj", "{53D09931-3FA7-4AAA-98C5-C8A26FDFBB96}"
EndProject
Project("{00D1A9C2-B5F0-4AF3-8072-F6C62B433612}") = "DatabaseProject", "DatabaseProject\DatabaseProject.sqlproj", "{6084F807-AEB4-4A7E-9A57-D3C882980701}"
EndProject
Global
	GlobalSection(SolutionConfigurationPlatforms) = preSolution
		Debug|Any CPU = Debug|Any CPU
		Release|Any CPU = Release|Any CPU
	EndGlobalSection
	GlobalSection(ProjectConfigurationPlatforms) = postSolution
		{6DCE0217-DC2C-4AB7-9F4A-813FCCE23D0D}.Debug|Any CPU.ActiveCfg = Debug|Any CPU
		{6DCE0217-DC2C-4AB7-9F4A-813FCCE23D0D}.Debug|Any CPU.Build.0 = Debug|Any CPU
		{6DCE0217-DC2C-4AB7-9F4A-813FCCE23D0D}.Release|Any CPU.ActiveCfg = Release|Any CPU
		{6DCE0217-DC2C-4AB7-9F4A-813FCCE23D0D}.Release|Any CPU.Build.0 = Release|Any CPU
		{7ECEF9A2-5B5B-4C7F-B459-F1BA3F124C86}.Debug|Any CPU.ActiveCfg = Debug|Any CPU
		{7ECEF9A2-5B5B-4C7F-B459-F1BA3F124C86}.Debug|Any CPU.Build.0 = Debug|Any CPU
		{7ECEF9A2-5B5B-4C7F-B459-F1BA3F124C86}.Release|Any CPU.ActiveCfg = Release|Any CPU
		{7ECEF9A2-5B5B-4C7F-B459-F1BA3F124C86}.Release|Any CPU.Build.0 = Release|Any CPU
		{5E3B0D53-6561-40C9-931F-E3B371F600BB}.Debug|Any CPU.ActiveCfg = Debug|Any CPU
		{5E3B0D53-6561-40C9-931F-E3B371F600BB}.Debug|Any CPU.Build.0 = Debug|Any CPU
		{5E3B0D53-6561-40C9-931F-E3B371F600BB}.Release|Any CPU.ActiveCfg = Release|Any CPU
		{5E3B0D53-6561-40C9-931F-E3B371F600BB}.Release|Any CPU.Build.0 = Release|Any CPU
		{C9A95BDD-FEEB-4C6E-9F77-4D31FD3B181E}.Debug|Any CPU.ActiveCfg = Debug|Any CPU
		{C9A95BDD-FEEB-4C6E-9F77-4D31FD3B181E}.Debug|Any CPU.Build.0 = Debug|Any CPU
		{C9A95BDD-FEEB-4C6E-9F77-4D31FD3B181E}.Release|Any CPU.ActiveCfg = Release|Any CPU
		{C9A95BDD-FEEB-4C6E-9F77-4D31FD3B181E}.Release|Any CPU.Build.0 = Release|Any CPU
		{6087C9AA-E91E-40C1-B29A-A585CB7DEEB0}.Debug|Any CPU.ActiveCfg = Debug|Any CPU
		{6087C9AA-E91E-40C1-B29A-A585CB7DEEB0}.Debug|Any CPU.Build.0 = Debug|Any CPU
		{6087C9AA-E91E-40C1-B29A-A585CB7DEEB0}.Release|Any CPU.ActiveCfg = Release|Any CPU
		{6087C9AA-E91E-40C1-B29A-A585CB7DEEB0}.Release|Any CPU.Build.0 = Release|Any CPU
		{FC1716BD-5D58-425D-869F-3C73214AE9CB}.Debug|Any CPU.ActiveCfg = Debug|Any CPU
		{FC1716BD-5D58-425D-869F-3C73214AE9CB}.Debug|Any CPU.Build.0 = Debug|Any CPU
		{FC1716BD-5D58-425D-869F-3C73214AE9CB}.Release|Any CPU.ActiveCfg = Release|Any CPU
		{FC1716BD-5D58-425D-869F-3C73214AE9CB}.Release|Any CPU.Build.0 = Release|Any CPU
		{53D09931-3FA7-4AAA-98C5-C8A26FDFBB96}.Debug|Any CPU.ActiveCfg = Debug|Any CPU
		{53D09931-3FA7-4AAA-98C5-C8A26FDFBB96}.Debug|Any CPU.Build.0 = Debug|Any CPU
		{53D09931-3FA7-4AAA-98C5-C8A26FDFBB96}.Release|Any CPU.ActiveCfg = Release|Any CPU
		{53D09931-3FA7-4AAA-98C5-C8A26FDFBB96}.Release|Any CPU.Build.0 = Release|Any CPU
		{6084F807-AEB4-4A7E-9A57-D3C882980701}.Debug|Any CPU.ActiveCfg = Debug|Any CPU
		{6084F807-AEB4-4A7E-9A57-D3C882980701}.Debug|Any CPU.Build.0 = Debug|Any CPU
		{6084F807-AEB4-4A7E-9A57-D3C882980701}.Debug|Any CPU.Deploy.0 = Debug|Any CPU
		{6084F807-AEB4-4A7E-9A57-D3C882980701}.Release|Any CPU.ActiveCfg = Release|Any CPU
		{6084F807-AEB4-4A7E-9A57-D3C882980701}.Release|Any CPU.Build.0 = Release|Any CPU
		{6084F807-AEB4-4A7E-9A57-D3C882980701}.Release|Any CPU.Deploy.0 = Release|Any CPU
	EndGlobalSection
	GlobalSection(SolutionProperties) = preSolution
		HideSolutionNode = FALSE
	EndGlobalSection
	GlobalSection(NestedProjects) = preSolution
		{5E3B0D53-6561-40C9-931F-E3B371F600BB} = {FF9556B8-10E3-48DA-A8A0-7FBFF53716CD}
		{6087C9AA-E91E-40C1-B29A-A585CB7DEEB0} = {FF9556B8-10E3-48DA-A8A0-7FBFF53716CD}
	EndGlobalSection
	GlobalSection(ExtensibilityGlobals) = postSolution
		SolutionGuid = {36A907E0-1991-4A9B-AAA0-BAB84925147F}
	EndGlobalSection
EndGlobal
